
Microsoft Visual Studio Solution File, Format Version 12.00
# Visual Studio Version 17
VisualStudioVersion = 17.3.32929.385
MinimumVisualStudioVersion = 10.0.40219.1
Project("{FAE04EC0-301F-11D3-BF4B-00C04F79EFBC}") = "LetterGenesRegrowFinish", "LetterGenesRegrowFinish.csproj", "{A9FA085D-E414-49F4-A256-E0E2F490A17A}"
EndProject
Global
	GlobalSection(SolutionConfigurationPlatforms) = preSolution
		Debug|Any CPU = Debug|Any CPU
		Release|Any CPU = Release|Any CPU
	EndGlobalSection
	GlobalSection(ProjectConfigurationPlatforms) = postSolution
		{A9FA085D-E414-49F4-A256-E0E2F490A17A}.Debug|Any CPU.ActiveCfg = Debug|Any CPU
		{A9FA085D-E414-49F4-A256-E0E2F490A17A}.Debug|Any CPU.Build.0 = Debug|Any CPU
		{A9FA085D-E414-49F4-A256-E0E2F490A17A}.Release|Any CPU.ActiveCfg = Release|Any CPU
		{A9FA085D-E414-49F4-A256-E0E2F490A17A}.Release|Any CPU.Build.0 = Release|Any CPU
	EndGlobalSection
	GlobalSection(SolutionProperties) = preSolution
		HideSolutionNode = FALSE
	EndGlobalSection
	GlobalSection(ExtensibilityGlobals) = postSolution
		SolutionGuid = {8A3D43B3-2D85-4659-BCBC-5E14ECA9320D}
	EndGlobalSection
EndGlobal
